
Microsoft Visual Studio Solution File, Format Version 12.00
# Visual Studio Version 17
VisualStudioVersion = 17.4.33110.190
MinimumVisualStudioVersion = 10.0.40219.1
Project("{FAE04EC0-301F-11D3-BF4B-00C04F79EFBC}") = "calculadora", "calculadora\calculadora.csproj", "{CD7FB1F8-85D8-4791-8EF7-42014377B168}"
EndProject
Global
	GlobalSection(SolutionConfigurationPlatforms) = preSolution
		Debug|Any CPU = Debug|Any CPU
		Release|Any CPU = Release|Any CPU
	EndGlobalSection
	GlobalSection(ProjectConfigurationPlatforms) = postSolution
		{CD7FB1F8-85D8-4791-8EF7-42014377B168}.Debug|Any CPU.ActiveCfg = Debug|Any CPU
		{CD7FB1F8-85D8-4791-8EF7-42014377B168}.Debug|Any CPU.Build.0 = Debug|Any CPU
		{CD7FB1F8-85D8-4791-8EF7-42014377B168}.Release|Any CPU.ActiveCfg = Release|Any CPU
		{CD7FB1F8-85D8-4791-8EF7-42014377B168}.Release|Any CPU.Build.0 = Release|Any CPU
	EndGlobalSection
	GlobalSection(SolutionProperties) = preSolution
		HideSolutionNode = FALSE
	EndGlobalSection
	GlobalSection(ExtensibilityGlobals) = postSolution
		SolutionGuid = {F016D1F2-D9FF-46D9-B8B4-69083659940E}
	EndGlobalSection
EndGlobal
